// !$*UTF8*$!
{
	archiveVersion = 1;
	classes = {
	};
	objectVersion = 46;
	objects = {

/* Begin PBXBuildFile section */
		4617B9921D2A76BE0041A411 /* tab_live.png in Resources */ = {isa = PBXBuildFile; fileRef = 4617B98D1D2A76BE0041A411 /* tab_live.png */; };
		4617B9931D2A76BE0041A411 /* tab_me.png in Resources */ = {isa = PBXBuildFile; fileRef = 4617B98E1D2A76BE0041A411 /* tab_me.png */; };
		4617B9941D2A76BE0041A411 /* tab_me_onclick.png in Resources */ = {isa = PBXBuildFile; fileRef = 4617B98F1D2A76BE0041A411 /* tab_me_onclick.png */; };
		4617B9951D2A76BE0041A411 /* tab_rank.png in Resources */ = {isa = PBXBuildFile; fileRef = 4617B9901D2A76BE0041A411 /* tab_rank.png */; };
		4617B9961D2A76BE0041A411 /* tab_rank_onclick.png in Resources */ = {isa = PBXBuildFile; fileRef = 4617B9911D2A76BE0041A411 /* tab_rank_onclick.png */; };
		461976881D23B7A1009019D0 /* AppDelegate.swift in Sources */ = {isa = PBXBuildFile; fileRef = 461976871D23B7A1009019D0 /* AppDelegate.swift */; };
		4619768A1D23B7A1009019D0 /* ViewController.swift in Sources */ = {isa = PBXBuildFile; fileRef = 461976891D23B7A1009019D0 /* ViewController.swift */; };
		4619768D1D23B7A1009019D0 /* Main.storyboard in Resources */ = {isa = PBXBuildFile; fileRef = 4619768B1D23B7A1009019D0 /* Main.storyboard */; };
		4619768F1D23B7A1009019D0 /* Assets.xcassets in Resources */ = {isa = PBXBuildFile; fileRef = 4619768E1D23B7A1009019D0 /* Assets.xcassets */; };
		461976921D23B7A1009019D0 /* LaunchScreen.storyboard in Resources */ = {isa = PBXBuildFile; fileRef = 461976901D23B7A1009019D0 /* LaunchScreen.storyboard */; };
		4619769A1D23C7B7009019D0 /* WJPCircleLayout.swift in Sources */ = {isa = PBXBuildFile; fileRef = 461976991D23C7B7009019D0 /* WJPCircleLayout.swift */; };
/* End PBXBuildFile section */

/* Begin PBXFileReference section */
		4617B98D1D2A76BE0041A411 /* tab_live.png */ = {isa = PBXFileReference; lastKnownFileType = image.png; path = tab_live.png; sourceTree = "<group>"; };
		4617B98E1D2A76BE0041A411 /* tab_me.png */ = {isa = PBXFileReference; lastKnownFileType = image.png; path = tab_me.png; sourceTree = "<group>"; };
		4617B98F1D2A76BE0041A411 /* tab_me_onclick.png */ = {isa = PBXFileReference; lastKnownFileType = image.png; path = tab_me_onclick.png; sourceTree = "<group>"; };
		4617B9901D2A76BE0041A411 /* tab_rank.png */ = {isa = PBXFileReference; lastKnownFileType = image.png; path = tab_rank.png; sourceTree = "<group>"; };
		4617B9911D2A76BE0041A411 /* tab_rank_onclick.png */ = {isa = PBXFileReference; lastKnownFileType = image.png; path = tab_rank_onclick.png; sourceTree = "<group>"; };
		461976841D23B7A1009019D0 /* CollectionFlowLayout.app */ = {isa = PBXFileReference; explicitFileType = wrapper.application; includeInIndex = 0; path = CollectionFlowLayout.app; sourceTree = BUILT_PRODUCTS_DIR; };
		461976871D23B7A1009019D0 /* AppDelegate.swift */ = {isa = PBXFileReference; lastKnownFileType = sourcecode.swift; path = AppDelegate.swift; sourceTree = "<group>"; };
		461976891D23B7A1009019D0 /* ViewController.swift */ = {isa = PBXFileReference; lastKnownFileType = sourcecode.swift; path = ViewController.swift; sourceTree = "<group>"; };
		4619768C1D23B7A1009019D0 /* Base */ = {isa = PBXFileReference; lastKnownFileType = file.storyboard; name = Base; path = Base.lproj/Main.storyboard; sourceTree = "<group>"; };
		4619768E1D23B7A1009019D0 /* Assets.xcassets */ = {isa = PBXFileReference; lastKnownFileType = folder.assetcatalog; path = Assets.xcassets; sourceTree = "<group>"; };
		461976911D23B7A1009019D0 /* Base */ = {isa = PBXFileReference; lastKnownFileType = file.storyboard; name = Base; path = Base.lproj/LaunchScreen.storyboard; sourceTree = "<group>"; };
		461976931D23B7A1009019D0 /* Info.plist */ = {isa = PBXFileReference; lastKnownFileType = text.plist.xml; path = Info.plist; sourceTree = "<group>"; };
		461976991D23C7B7009019D0 /* WJPCircleLayout.swift */ = {isa = PBXFileReference; fileEncoding = 4; lastKnownFileType = sourcecode.swift; path = WJPCircleLayout.swift; sourceTree = "<group>"; };
/* End PBXFileReference section */

/* Begin PBXFrameworksBuildPhase section */
		461976811D23B7A1009019D0 /* Frameworks */ = {
			isa = PBXFrameworksBuildPhase;
			buildActionMask = 2147483647;
			files = (
			);
			runOnlyForDeploymentPostprocessing = 0;
		};
/* End PBXFrameworksBuildPhase section */

/* Begin PBXGroup section */
		4617B98C1D2A76BE0041A411 /* iOS tab */ = {
			isa = PBXGroup;
			children = (
				4617B98D1D2A76BE0041A411 /* tab_live.png */,
				4617B98E1D2A76BE0041A411 /* tab_me.png */,
				4617B98F1D2A76BE0041A411 /* tab_me_onclick.png */,
				4617B9901D2A76BE0041A411 /* tab_rank.png */,
				4617B9911D2A76BE0041A411 /* tab_rank_onclick.png */,
			);
			path = "iOS tab";
			sourceTree = "<group>";
		};
		4619767B1D23B7A0009019D0 = {
			isa = PBXGroup;
			children = (
				461976861D23B7A1009019D0 /* CollectionFlowLayout */,
				461976851D23B7A1009019D0 /* Products */,
			);
			sourceTree = "<group>";
		};
		461976851D23B7A1009019D0 /* Products */ = {
			isa = PBXGroup;
			children = (
				461976841D23B7A1009019D0 /* CollectionFlowLayout.app */,
			);
			name = Products;
			sourceTree = "<group>";
		};
		461976861D23B7A1009019D0 /* CollectionFlowLayout */ = {
			isa = PBXGroup;
			children = (
				461976871D23B7A1009019D0 /* AppDelegate.swift */,
				461976891D23B7A1009019D0 /* ViewController.swift */,
				461976991D23C7B7009019D0 /* WJPCircleLayout.swift */,
				4619768B1D23B7A1009019D0 /* Main.storyboard */,
				4619768E1D23B7A1009019D0 /* Assets.xcassets */,
				461976901D23B7A1009019D0 /* LaunchScreen.storyboard */,
				461976931D23B7A1009019D0 /* Info.plist */,
				4617B98C1D2A76BE0041A411 /* iOS tab */,
			);
			path = CollectionFlowLayout;
			sourceTree = "<group>";
		};
/* End PBXGroup section */

/* Begin PBXNativeTarget section */
		461976831D23B7A1009019D0 /* CollectionFlowLayout */ = {
			isa = PBXNativeTarget;
			buildConfigurationList = 461976961D23B7A1009019D0 /* Build configuration list for PBXNativeTarget "CollectionFlowLayout" */;
			buildPhases = (
				461976801D23B7A1009019D0 /* Sources */,
				461976811D23B7A1009019D0 /* Frameworks */,
				461976821D23B7A1009019D0 /* Resources */,
			);
			buildRules = (
			);
			dependencies = (
			);
			name = CollectionFlowLayout;
			productName = CollectionFlowLayout;
			productReference = 461976841D23B7A1009019D0 /* CollectionFlowLayout.app */;
			productType = "com.apple.product-type.application";
		};
/* End PBXNativeTarget section */

/* Begin PBXProject section */
		4619767C1D23B7A0009019D0 /* Project object */ = {
			isa = PBXProject;
			attributes = {
				LastSwiftUpdateCheck = 0730;
				LastUpgradeCheck = 0730;
				ORGANIZATIONNAME = wjp;
				TargetAttributes = {
					461976831D23B7A1009019D0 = {
						CreatedOnToolsVersion = 7.3.1;
						DevelopmentTeam = 39JCUTR4T5;
					};
				};
			};
			buildConfigurationList = 4619767F1D23B7A0009019D0 /* Build configuration list for PBXProject "CollectionFlowLayout" */;
			compatibilityVersion = "Xcode 3.2";
			developmentRegion = English;
			hasScannedForEncodings = 0;
			knownRegions = (
				en,
				Base,
			);
			mainGroup = 4619767B1D23B7A0009019D0;
			productRefGroup = 461976851D23B7A1009019D0 /* Products */;
			projectDirPath = "";
			projectRoot = "";
			targets = (
				461976831D23B7A1009019D0 /* CollectionFlowLayout */,
			);
		};
/* End PBXProject section */

/* Begin PBXResourcesBuildPhase section */
		461976821D23B7A1009019D0 /* Resources */ = {
			isa = PBXResourcesBuildPhase;
			buildActionMask = 2147483647;
			files = (
				4617B9931D2A76BE0041A411 /* tab_me.png in Resources */,
				4617B9941D2A76BE0041A411 /* tab_me_onclick.png in Resources */,
				4617B9951D2A76BE0041A411 /* tab_rank.png in Resources */,
				4617B9961D2A76BE0041A411 /* tab_rank_onclick.png in Resources */,
				461976921D23B7A1009019D0 /* LaunchScreen.storyboard in Resources */,
				4617B9921D2A76BE0041A411 /* tab_live.png in Resources */,
				4619768F1D23B7A1009019D0 /* Assets.xcassets in Resources */,
				4619768D1D23B7A1009019D0 /* Main.storyboard in Resources */,
			);
			runOnlyForDeploymentPostprocessing = 0;
		};
/* End PBXResourcesBuildPhase section */

/* Begin PBXSourcesBuildPhase section */
		461976801D23B7A1009019D0 /* Sources */ = {
			isa = PBXSourcesBuildPhase;
			buildActionMask = 2147483647;
			files = (
				4619768A1D23B7A1009019D0 /* ViewController.swift in Sources */,
				461976881D23B7A1009019D0 /* AppDelegate.swift in Sources */,
				4619769A1D23C7B7009019D0 /* WJPCircleLayout.swift in Sources */,
			);
			runOnlyForDeploymentPostprocessing = 0;
		};
/* End PBXSourcesBuildPhase section */

/* Begin PBXVariantGroup section */
		4619768B1D23B7A1009019D0 /* Main.storyboard */ = {
			isa = PBXVariantGroup;
			children = (
				4619768C1D23B7A1009019D0 /* Base */,
			);
			name = Main.storyboard;
			sourceTree = "<group>";
		};
		461976901D23B7A1009019D0 /* LaunchScreen.storyboard */ = {
			isa = PBXVariantGroup;
			children = (
				461976911D23B7A1009019D0 /* Base */,
			);
			name = LaunchScreen.storyboard;
			sourceTree = "<group>";
		};
/* End PBXVariantGroup section */

/* Begin XCBuildConfiguration section */
		461976941D23B7A1009019D0 /* Debug */ = {
			isa = XCBuildConfiguration;
			buildSettings = {
				ALWAYS_SEARCH_USER_PATHS = NO;
				CLANG_ANALYZER_NONNULL = YES;
				CLANG_CXX_LANGUAGE_STANDARD = "gnu++0x";
				CLANG_CXX_LIBRARY = "libc++";
				CLANG_ENABLE_MODULES = YES;
				CLANG_ENABLE_OBJC_ARC = YES;
				CLANG_WARN_BOOL_CONVERSION = YES;
				CLANG_WARN_CONSTANT_CONVERSION = YES;
				CLANG_WARN_DIRECT_OBJC_ISA_USAGE = YES_ERROR;
				CLANG_WARN_EMPTY_BODY = YES;
				CLANG_WARN_ENUM_CONVERSION = YES;
				CLANG_WARN_INT_CONVERSION = YES;
				CLANG_WARN_OBJC_ROOT_CLASS = YES_ERROR;
				CLANG_WARN_UNREACHABLE_CODE = YES;
				CLANG_WARN__DUPLICATE_METHOD_MATCH = YES;
				"CODE_SIGN_IDENTITY[sdk=iphoneos*]" = "iPhone Developer";
				COPY_PHASE_STRIP = NO;
				DEBUG_INFORMATION_FORMAT = dwarf;
				ENABLE_STRICT_OBJC_MSGSEND = YES;
				ENABLE_TESTABILITY = YES;
				GCC_C_LANGUAGE_STANDARD = gnu99;
				GCC_DYNAMIC_NO_PIC = NO;
				GCC_NO_COMMON_BLOCKS = YES;
				GCC_OPTIMIZATION_LEVEL = 0;
				GCC_PREPROCESSOR_DEFINITIONS = (
					"DEBUG=1",
					"$(inherited)",
				);
				GCC_WARN_64_TO_32_BIT_CONVERSION = YES;
				GCC_WARN_ABOUT_RETURN_TYPE = YES_ERROR;
				GCC_WARN_UNDECLARED_SELECTOR = YES;
				GCC_WARN_UNINITIALIZED_AUTOS = YES_AGGRESSIVE;
				GCC_WARN_UNUSED_FUNCTION = YES;
				GCC_WARN_UNUSED_VARIABLE = YES;
				IPHONEOS_DEPLOYMENT_TARGET = 9.3;
				MTL_ENABLE_DEBUG_INFO = YES;
				ONLY_ACTIVE_ARCH = YES;
				SDKROOT = iphoneos;
				SWIFT_OPTIMIZATION_LEVEL = "-Onone";
			};
			name = Debug;
		};
		461976951D23B7A1009019D0 /* Release */ = {
			isa = XCBuildConfiguration;
			buildSettings = {
				ALWAYS_SEARCH_USER_PATHS = NO;
				CLANG_ANALYZER_NONNULL = YES;
				CLANG_CXX_LANGUAGE_STANDARD = "gnu++0x";
				CLANG_CXX_LIBRARY = "libc++";
				CLANG_ENABLE_MODULES = YES;
				CLANG_ENABLE_OBJC_ARC = YES;
				CLANG_WARN_BOOL_CONVERSION = YES;
				CLANG_WARN_CONSTANT_CONVERSION = YES;
				CLANG_WARN_DIRECT_OBJC_ISA_USAGE = YES_ERROR;
				CLANG_WARN_EMPTY_BODY = YES;
				CLANG_WARN_ENUM_CONVERSION = YES;
				CLANG_WARN_INT_CONVERSION = YES;
				CLANG_WARN_OBJC_ROOT_CLASS = YES_ERROR;
				CLANG_WARN_UNREACHABLE_CODE = YES;
				CLANG_WARN__DUPLICATE_METHOD_MATCH = YES;
				"CODE_SIGN_IDENTITY[sdk=iphoneos*]" = "iPhone Developer";
				COPY_PHASE_STRIP = NO;
				DEBUG_INFORMATION_FORMAT = "dwarf-with-dsym";
				ENABLE_NS_ASSERTIONS = NO;
				ENABLE_STRICT_OBJC_MSGSEND = YES;
				GCC_C_LANGUAGE_STANDARD = gnu99;
				GCC_NO_COMMON_BLOCKS = YES;
				GCC_WARN_64_TO_32_BIT_CONVERSION = YES;
				GCC_WARN_ABOUT_RETURN_TYPE = YES_ERROR;
				GCC_WARN_UNDECLARED_SELECTOR = YES;
				GCC_WARN_UNINITIALIZED_AUTOS = YES_AGGRESSIVE;
				GCC_WARN_UNUSED_FUNCTION = YES;
				GCC_WARN_UNUSED_VARIABLE = YES;
				IPHONEOS_DEPLOYMENT_TARGET = 9.3;
				MTL_ENABLE_DEBUG_INFO = NO;
				SDKROOT = iphoneos;
				VALIDATE_PRODUCT = YES;
			};
			name = Release;
		};
		461976971D23B7A1009019D0 /* Debug */ = {
			isa = XCBuildConfiguration;
			buildSettings = {
				ASSETCATALOG_COMPILER_APPICON_NAME = AppIcon;
				CODE_SIGN_IDENTITY = "iPhone Developer";
				"CODE_SIGN_IDENTITY[sdk=iphoneos*]" = "iPhone Developer";
				INFOPLIST_FILE = CollectionFlowLayout/Info.plist;
				LD_RUNPATH_SEARCH_PATHS = "$(inherited) @executable_path/Frameworks";
				PRODUCT_BUNDLE_IDENTIFIER = com.wjp.CollectionFlowLayout;
				PRODUCT_NAME = "$(TARGET_NAME)";
				PROVISIONING_PROFILE = "";
			};
			name = Debug;
		};
		461976981D23B7A1009019D0 /* Release */ = {
			isa = XCBuildConfiguration;
			buildSettings = {
				ASSETCATALOG_COMPILER_APPICON_NAME = AppIcon;
				CODE_SIGN_IDENTITY = "iPhone Developer";
				"CODE_SIGN_IDENTITY[sdk=iphoneos*]" = "iPhone Developer";
				INFOPLIST_FILE = CollectionFlowLayout/Info.plist;
				LD_RUNPATH_SEARCH_PATHS = "$(inherited) @executable_path/Frameworks";
				PRODUCT_BUNDLE_IDENTIFIER = com.wjp.CollectionFlowLayout;
				PRODUCT_NAME = "$(TARGET_NAME)";
				PROVISIONING_PROFILE = "";
			};
			name = Release;
		};
/* End XCBuildConfiguration section */

/* Begin XCConfigurationList section */
		4619767F1D23B7A0009019D0 /* Build configuration list for PBXProject "CollectionFlowLayout" */ = {
			isa = XCConfigurationList;
			buildConfigurations = (
				461976941D23B7A1009019D0 /* Debug */,
				461976951D23B7A1009019D0 /* Release */,
			);
			defaultConfigurationIsVisible = 0;
			defaultConfigurationName = Release;
		};
		461976961D23B7A1009019D0 /* Build configuration list for PBXNativeTarget "CollectionFlowLayout" */ = {
			isa = XCConfigurationList;
			buildConfigurations = (
				461976971D23B7A1009019D0 /* Debug */,
				461976981D23B7A1009019D0 /* Release */,
			);
			defaultConfigurationIsVisible = 0;
			defaultConfigurationName = Release;
		};
/* End XCConfigurationList section */
	};
	rootObject = 4619767C1D23B7A0009019D0 /* Project object */;
}
